// !$*UTF8*$!
{
	archiveVersion = 1;
	classes = {
	};
	objectVersion = 46;
	objects = {

/* Begin PBXBuildFile section */
		3173AC13CCF340EEBD02ED24 /* libPods-DOWrapperDev.a in Frameworks */ = {isa = PBXBuildFile; fileRef = 6829DDCB9DBA459DB77B1B71 /* libPods-DOWrapperDev.a */; };
		EB1BC200190E8EB900C1E231 /* CedarTest.mm in Sources */ = {isa = PBXBuildFile; fileRef = EB1BC1FF190E8EB900C1E231 /* CedarTest.mm */; };
		EB1BC205190E912D00C1E231 /* DOInstanceTests.mm in Sources */ = {isa = PBXBuildFile; fileRef = EB1BC204190E912D00C1E231 /* DOInstanceTests.mm */; };
		EB1BC208190E923200C1E231 /* DOClient.m in Sources */ = {isa = PBXBuildFile; fileRef = EB1BC207190E923200C1E231 /* DOClient.m */; };
		EB206170190E883900593D58 /* Foundation.framework in Frameworks */ = {isa = PBXBuildFile; fileRef = EB20616F190E883900593D58 /* Foundation.framework */; };
		EB206172190E883900593D58 /* CoreGraphics.framework in Frameworks */ = {isa = PBXBuildFile; fileRef = EB206171190E883900593D58 /* CoreGraphics.framework */; };
		EB206174190E883900593D58 /* UIKit.framework in Frameworks */ = {isa = PBXBuildFile; fileRef = EB206173190E883900593D58 /* UIKit.framework */; };
		EB20617A190E883A00593D58 /* InfoPlist.strings in Resources */ = {isa = PBXBuildFile; fileRef = EB206178190E883A00593D58 /* InfoPlist.strings */; };
		EB20617C190E883A00593D58 /* main.m in Sources */ = {isa = PBXBuildFile; fileRef = EB20617B190E883A00593D58 /* main.m */; };
		EB206180190E883A00593D58 /* AppDelegate.m in Sources */ = {isa = PBXBuildFile; fileRef = EB20617F190E883A00593D58 /* AppDelegate.m */; };
		EB206182190E883A00593D58 /* Images.xcassets in Resources */ = {isa = PBXBuildFile; fileRef = EB206181190E883A00593D58 /* Images.xcassets */; };
		EB2061B3190E8DCC00593D58 /* XCTest.framework in Frameworks */ = {isa = PBXBuildFile; fileRef = EB206188190E883A00593D58 /* XCTest.framework */; };
		EB2061B4190E8DCC00593D58 /* Foundation.framework in Frameworks */ = {isa = PBXBuildFile; fileRef = EB20616F190E883900593D58 /* Foundation.framework */; };
		EB2061B5190E8DCC00593D58 /* UIKit.framework in Frameworks */ = {isa = PBXBuildFile; fileRef = EB206173190E883900593D58 /* UIKit.framework */; };
		EB2061BB190E8DCC00593D58 /* InfoPlist.strings in Resources */ = {isa = PBXBuildFile; fileRef = EB2061B9190E8DCC00593D58 /* InfoPlist.strings */; };
/* End PBXBuildFile section */

/* Begin PBXContainerItemProxy section */
		EB2061BF190E8DCC00593D58 /* PBXContainerItemProxy */ = {
			isa = PBXContainerItemProxy;
			containerPortal = EB206164190E883900593D58 /* Project object */;
			proxyType = 1;
			remoteGlobalIDString = EB20616B190E883900593D58;
			remoteInfo = DOWrapper;
		};
/* End PBXContainerItemProxy section */

/* Begin PBXFileReference section */
		6829DDCB9DBA459DB77B1B71 /* libPods-DOWrapperDev.a */ = {isa = PBXFileReference; explicitFileType = archive.ar; includeInIndex = 0; path = "libPods-DOWrapperDev.a"; sourceTree = BUILT_PRODUCTS_DIR; };
		8BDC658E47A8411391EBB377 /* Pods-DOWrapperDev.xcconfig */ = {isa = PBXFileReference; includeInIndex = 1; lastKnownFileType = text.xcconfig; name = "Pods-DOWrapperDev.xcconfig"; path = "Pods/Pods-DOWrapperDev.xcconfig"; sourceTree = "<group>"; };
		EB1BC1FF190E8EB900C1E231 /* CedarTest.mm */ = {isa = PBXFileReference; fileEncoding = 4; lastKnownFileType = sourcecode.cpp.objcpp; path = CedarTest.mm; sourceTree = "<group>"; };
		EB1BC204190E912D00C1E231 /* DOInstanceTests.mm */ = {isa = PBXFileReference; fileEncoding = 4; lastKnownFileType = sourcecode.cpp.objcpp; path = DOInstanceTests.mm; sourceTree = "<group>"; };
		EB1BC206190E923200C1E231 /* DOClient.h */ = {isa = PBXFileReference; fileEncoding = 4; lastKnownFileType = sourcecode.c.h; path = DOClient.h; sourceTree = "<group>"; };
		EB1BC207190E923200C1E231 /* DOClient.m */ = {isa = PBXFileReference; fileEncoding = 4; lastKnownFileType = sourcecode.c.objc; path = DOClient.m; sourceTree = "<group>"; };
		EB1BC20A190E945B00C1E231 /* DOSingleton.h */ = {isa = PBXFileReference; fileEncoding = 4; lastKnownFileType = sourcecode.c.h; path = DOSingleton.h; sourceTree = "<group>"; };
		EB20616C190E883900593D58 /* DOWrapper.app */ = {isa = PBXFileReference; explicitFileType = wrapper.application; includeInIndex = 0; path = DOWrapper.app; sourceTree = BUILT_PRODUCTS_DIR; };
		EB20616F190E883900593D58 /* Foundation.framework */ = {isa = PBXFileReference; lastKnownFileType = wrapper.framework; name = Foundation.framework; path = System/Library/Frameworks/Foundation.framework; sourceTree = SDKROOT; };
		EB206171190E883900593D58 /* CoreGraphics.framework */ = {isa = PBXFileReference; lastKnownFileType = wrapper.framework; name = CoreGraphics.framework; path = System/Library/Frameworks/CoreGraphics.framework; sourceTree = SDKROOT; };
		EB206173190E883900593D58 /* UIKit.framework */ = {isa = PBXFileReference; lastKnownFileType = wrapper.framework; name = UIKit.framework; path = System/Library/Frameworks/UIKit.framework; sourceTree = SDKROOT; };
		EB206177190E883900593D58 /* DOWrapper-Info.plist */ = {isa = PBXFileReference; lastKnownFileType = text.plist.xml; path = "DOWrapper-Info.plist"; sourceTree = "<group>"; };
		EB206179190E883A00593D58 /* en */ = {isa = PBXFileReference; lastKnownFileType = text.plist.strings; name = en; path = en.lproj/InfoPlist.strings; sourceTree = "<group>"; };
		EB20617B190E883A00593D58 /* main.m */ = {isa = PBXFileReference; lastKnownFileType = sourcecode.c.objc; path = main.m; sourceTree = "<group>"; };
		EB20617D190E883A00593D58 /* DOWrapper-Prefix.pch */ = {isa = PBXFileReference; lastKnownFileType = sourcecode.c.h; path = "DOWrapper-Prefix.pch"; sourceTree = "<group>"; };
		EB20617E190E883A00593D58 /* AppDelegate.h */ = {isa = PBXFileReference; lastKnownFileType = sourcecode.c.h; path = AppDelegate.h; sourceTree = "<group>"; };
		EB20617F190E883A00593D58 /* AppDelegate.m */ = {isa = PBXFileReference; lastKnownFileType = sourcecode.c.objc; path = AppDelegate.m; sourceTree = "<group>"; };
		EB206181190E883A00593D58 /* Images.xcassets */ = {isa = PBXFileReference; lastKnownFileType = folder.assetcatalog; path = Images.xcassets; sourceTree = "<group>"; };
		EB206188190E883A00593D58 /* XCTest.framework */ = {isa = PBXFileReference; lastKnownFileType = wrapper.framework; name = XCTest.framework; path = Library/Frameworks/XCTest.framework; sourceTree = DEVELOPER_DIR; };
		EB2061AD190E8BA900593D58 /* DOWrapper copy-Info.plist */ = {isa = PBXFileReference; lastKnownFileType = text.plist.xml; name = "DOWrapper copy-Info.plist"; path = "/Volumes/Macintosh HD/Users/wahyusumartha/Documents/Mobile Project/iOS/DOWrapper/DOWrapper copy-Info.plist"; sourceTree = "<absolute>"; };
		EB2061B2190E8DCC00593D58 /* DOWrapperDev.xctest */ = {isa = PBXFileReference; explicitFileType = wrapper.cfbundle; includeInIndex = 0; path = DOWrapperDev.xctest; sourceTree = BUILT_PRODUCTS_DIR; };
		EB2061B8190E8DCC00593D58 /* DOWrapperDev-Info.plist */ = {isa = PBXFileReference; lastKnownFileType = text.plist.xml; path = "DOWrapperDev-Info.plist"; sourceTree = "<group>"; };
		EB2061BA190E8DCC00593D58 /* en */ = {isa = PBXFileReference; lastKnownFileType = text.plist.strings; name = en; path = en.lproj/InfoPlist.strings; sourceTree = "<group>"; };
		EB2061BE190E8DCC00593D58 /* DOWrapperDev-Prefix.pch */ = {isa = PBXFileReference; lastKnownFileType = sourcecode.c.h; path = "DOWrapperDev-Prefix.pch"; sourceTree = "<group>"; };
/* End PBXFileReference section */

/* Begin PBXFrameworksBuildPhase section */
		EB206169190E883900593D58 /* Frameworks */ = {
			isa = PBXFrameworksBuildPhase;
			buildActionMask = 2147483647;
			files = (
				EB206172190E883900593D58 /* CoreGraphics.framework in Frameworks */,
				EB206174190E883900593D58 /* UIKit.framework in Frameworks */,
				EB206170190E883900593D58 /* Foundation.framework in Frameworks */,
			);
			runOnlyForDeploymentPostprocessing = 0;
		};
		EB2061AF190E8DCC00593D58 /* Frameworks */ = {
			isa = PBXFrameworksBuildPhase;
			buildActionMask = 2147483647;
			files = (
				EB2061B3190E8DCC00593D58 /* XCTest.framework in Frameworks */,
				EB2061B5190E8DCC00593D58 /* UIKit.framework in Frameworks */,
				EB2061B4190E8DCC00593D58 /* Foundation.framework in Frameworks */,
				3173AC13CCF340EEBD02ED24 /* libPods-DOWrapperDev.a in Frameworks */,
			);
			runOnlyForDeploymentPostprocessing = 0;
		};
/* End PBXFrameworksBuildPhase section */

/* Begin PBXGroup section */
		EB1BC202190E90A300C1E231 /* DigitalOceanAPI */ = {
			isa = PBXGroup;
			children = (
				EB1BC206190E923200C1E231 /* DOClient.h */,
				EB1BC207190E923200C1E231 /* DOClient.m */,
			);
			name = DigitalOceanAPI;
			sourceTree = "<group>";
		};
		EB1BC203190E90AC00C1E231 /* AppDelegate */ = {
			isa = PBXGroup;
			children = (
				EB20617E190E883A00593D58 /* AppDelegate.h */,
				EB20617F190E883A00593D58 /* AppDelegate.m */,
			);
			name = AppDelegate;
			sourceTree = "<group>";
		};
		EB1BC209190E943900C1E231 /* Utilities */ = {
			isa = PBXGroup;
			children = (
				EB1BC20A190E945B00C1E231 /* DOSingleton.h */,
			);
			name = Utilities;
			sourceTree = "<group>";
		};
		EB206163190E883900593D58 = {
			isa = PBXGroup;
			children = (
				EB206175190E883900593D58 /* DOWrapper */,
				EB2061B6190E8DCC00593D58 /* DOWrapperDev */,
				EB20616E190E883900593D58 /* Frameworks */,
				EB20616D190E883900593D58 /* Products */,
				EB2061AD190E8BA900593D58 /* DOWrapper copy-Info.plist */,
				8BDC658E47A8411391EBB377 /* Pods-DOWrapperDev.xcconfig */,
			);
			sourceTree = "<group>";
		};
		EB20616D190E883900593D58 /* Products */ = {
			isa = PBXGroup;
			children = (
				EB20616C190E883900593D58 /* DOWrapper.app */,
				EB2061B2190E8DCC00593D58 /* DOWrapperDev.xctest */,
			);
			name = Products;
			sourceTree = "<group>";
		};
		EB20616E190E883900593D58 /* Frameworks */ = {
			isa = PBXGroup;
			children = (
				EB20616F190E883900593D58 /* Foundation.framework */,
				EB206171190E883900593D58 /* CoreGraphics.framework */,
				EB206173190E883900593D58 /* UIKit.framework */,
				EB206188190E883A00593D58 /* XCTest.framework */,
				6829DDCB9DBA459DB77B1B71 /* libPods-DOWrapperDev.a */,
			);
			name = Frameworks;
			sourceTree = "<group>";
		};
		EB206175190E883900593D58 /* DOWrapper */ = {
			isa = PBXGroup;
			children = (
				EB1BC209190E943900C1E231 /* Utilities */,
				EB1BC203190E90AC00C1E231 /* AppDelegate */,
				EB1BC202190E90A300C1E231 /* DigitalOceanAPI */,
				EB206181190E883A00593D58 /* Images.xcassets */,
				EB206176190E883900593D58 /* Supporting Files */,
			);
			path = DOWrapper;
			sourceTree = "<group>";
		};
		EB206176190E883900593D58 /* Supporting Files */ = {
			isa = PBXGroup;
			children = (
				EB206177190E883900593D58 /* DOWrapper-Info.plist */,
				EB206178190E883A00593D58 /* InfoPlist.strings */,
				EB20617B190E883A00593D58 /* main.m */,
				EB20617D190E883A00593D58 /* DOWrapper-Prefix.pch */,
			);
			name = "Supporting Files";
			sourceTree = "<group>";
		};
		EB2061B6190E8DCC00593D58 /* DOWrapperDev */ = {
			isa = PBXGroup;
			children = (
				EB2061B7190E8DCC00593D58 /* Supporting Files */,
				EB1BC1FF190E8EB900C1E231 /* CedarTest.mm */,
				EB1BC204190E912D00C1E231 /* DOInstanceTests.mm */,
			);
			path = DOWrapperDev;
			sourceTree = "<group>";
		};
		EB2061B7190E8DCC00593D58 /* Supporting Files */ = {
			isa = PBXGroup;
			children = (
				EB2061B8190E8DCC00593D58 /* DOWrapperDev-Info.plist */,
				EB2061B9190E8DCC00593D58 /* InfoPlist.strings */,
				EB2061BE190E8DCC00593D58 /* DOWrapperDev-Prefix.pch */,
			);
			name = "Supporting Files";
			sourceTree = "<group>";
		};
/* End PBXGroup section */

/* Begin PBXNativeTarget section */
		EB20616B190E883900593D58 /* DOWrapper */ = {
			isa = PBXNativeTarget;
			buildConfigurationList = EB206198190E883A00593D58 /* Build configuration list for PBXNativeTarget "DOWrapper" */;
			buildPhases = (
				EB206168190E883900593D58 /* Sources */,
				EB206169190E883900593D58 /* Frameworks */,
				EB20616A190E883900593D58 /* Resources */,
			);
			buildRules = (
			);
			dependencies = (
			);
			name = DOWrapper;
			productName = DOWrapper;
			productReference = EB20616C190E883900593D58 /* DOWrapper.app */;
			productType = "com.apple.product-type.application";
		};
		EB2061B1190E8DCC00593D58 /* DOWrapperDev */ = {
			isa = PBXNativeTarget;
			buildConfigurationList = EB2061C1190E8DCC00593D58 /* Build configuration list for PBXNativeTarget "DOWrapperDev" */;
			buildPhases = (
				605B2FDCCFDF488CB74818C2 /* Check Pods Manifest.lock */,
				EB2061AE190E8DCC00593D58 /* Sources */,
				EB2061AF190E8DCC00593D58 /* Frameworks */,
				EB2061B0190E8DCC00593D58 /* Resources */,
				F0ED5003C58C4931AA8AC417 /* Copy Pods Resources */,
			);
			buildRules = (
			);
			dependencies = (
				EB2061C0190E8DCC00593D58 /* PBXTargetDependency */,
			);
			name = DOWrapperDev;
			productName = DOWrapperDev;
			productReference = EB2061B2190E8DCC00593D58 /* DOWrapperDev.xctest */;
			productType = "com.apple.product-type.bundle.unit-test";
		};
/* End PBXNativeTarget section */

/* Begin PBXProject section */
		EB206164190E883900593D58 /* Project object */ = {
			isa = PBXProject;
			attributes = {
				LastUpgradeCheck = 0510;
				ORGANIZATIONNAME = "Wahyu Sumartha ";
				TargetAttributes = {
					EB2061B1190E8DCC00593D58 = {
						TestTargetID = EB20616B190E883900593D58;
					};
				};
			};
			buildConfigurationList = EB206167190E883900593D58 /* Build configuration list for PBXProject "DOWrapper" */;
			compatibilityVersion = "Xcode 3.2";
			developmentRegion = English;
			hasScannedForEncodings = 0;
			knownRegions = (
				en,
			);
			mainGroup = EB206163190E883900593D58;
			productRefGroup = EB20616D190E883900593D58 /* Products */;
			projectDirPath = "";
			projectRoot = "";
			targets = (
				EB20616B190E883900593D58 /* DOWrapper */,
				EB2061B1190E8DCC00593D58 /* DOWrapperDev */,
			);
		};
/* End PBXProject section */

/* Begin PBXResourcesBuildPhase section */
		EB20616A190E883900593D58 /* Resources */ = {
			isa = PBXResourcesBuildPhase;
			buildActionMask = 2147483647;
			files = (
				EB20617A190E883A00593D58 /* InfoPlist.strings in Resources */,
				EB206182190E883A00593D58 /* Images.xcassets in Resources */,
			);
			runOnlyForDeploymentPostprocessing = 0;
		};
		EB2061B0190E8DCC00593D58 /* Resources */ = {
			isa = PBXResourcesBuildPhase;
			buildActionMask = 2147483647;
			files = (
				EB2061BB190E8DCC00593D58 /* InfoPlist.strings in Resources */,
			);
			runOnlyForDeploymentPostprocessing = 0;
		};
/* End PBXResourcesBuildPhase section */

/* Begin PBXShellScriptBuildPhase section */
		605B2FDCCFDF488CB74818C2 /* Check Pods Manifest.lock */ = {
			isa = PBXShellScriptBuildPhase;
			buildActionMask = 2147483647;
			files = (
			);
			inputPaths = (
			);
			name = "Check Pods Manifest.lock";
			outputPaths = (
			);
			runOnlyForDeploymentPostprocessing = 0;
			shellPath = /bin/sh;
			shellScript = "diff \"${PODS_ROOT}/../Podfile.lock\" \"${PODS_ROOT}/Manifest.lock\" > /dev/null\nif [[ $? != 0 ]] ; then\n    cat << EOM\nerror: The sandbox is not in sync with the Podfile.lock. Run 'pod install' or update your CocoaPods installation.\nEOM\n    exit 1\nfi\n";
			showEnvVarsInLog = 0;
		};
		F0ED5003C58C4931AA8AC417 /* Copy Pods Resources */ = {
			isa = PBXShellScriptBuildPhase;
			buildActionMask = 2147483647;
			files = (
			);
			inputPaths = (
			);
			name = "Copy Pods Resources";
			outputPaths = (
			);
			runOnlyForDeploymentPostprocessing = 0;
			shellPath = /bin/sh;
			shellScript = "\"${SRCROOT}/Pods/Pods-DOWrapperDev-resources.sh\"\n";
			showEnvVarsInLog = 0;
		};
/* End PBXShellScriptBuildPhase section */

/* Begin PBXSourcesBuildPhase section */
		EB206168190E883900593D58 /* Sources */ = {
			isa = PBXSourcesBuildPhase;
			buildActionMask = 2147483647;
			files = (
				EB1BC208190E923200C1E231 /* DOClient.m in Sources */,
				EB206180190E883A00593D58 /* AppDelegate.m in Sources */,
				EB20617C190E883A00593D58 /* main.m in Sources */,
			);
			runOnlyForDeploymentPostprocessing = 0;
		};
		EB2061AE190E8DCC00593D58 /* Sources */ = {
			isa = PBXSourcesBuildPhase;
			buildActionMask = 2147483647;
			files = (
				EB1BC200190E8EB900C1E231 /* CedarTest.mm in Sources */,
				EB1BC205190E912D00C1E231 /* DOInstanceTests.mm in Sources */,
			);
			runOnlyForDeploymentPostprocessing = 0;
		};
/* End PBXSourcesBuildPhase section */

/* Begin PBXTargetDependency section */
		EB2061C0190E8DCC00593D58 /* PBXTargetDependency */ = {
			isa = PBXTargetDependency;
			target = EB20616B190E883900593D58 /* DOWrapper */;
			targetProxy = EB2061BF190E8DCC00593D58 /* PBXContainerItemProxy */;
		};
/* End PBXTargetDependency section */

/* Begin PBXVariantGroup section */
		EB206178190E883A00593D58 /* InfoPlist.strings */ = {
			isa = PBXVariantGroup;
			children = (
				EB206179190E883A00593D58 /* en */,
			);
			name = InfoPlist.strings;
			sourceTree = "<group>";
		};
		EB2061B9190E8DCC00593D58 /* InfoPlist.strings */ = {
			isa = PBXVariantGroup;
			children = (
				EB2061BA190E8DCC00593D58 /* en */,
			);
			name = InfoPlist.strings;
			sourceTree = "<group>";
		};
/* End PBXVariantGroup section */

/* Begin XCBuildConfiguration section */
		EB206196190E883A00593D58 /* Debug */ = {
			isa = XCBuildConfiguration;
			buildSettings = {
				ALWAYS_SEARCH_USER_PATHS = NO;
				CLANG_CXX_LANGUAGE_STANDARD = "gnu++0x";
				CLANG_CXX_LIBRARY = "libc++";
				CLANG_ENABLE_MODULES = YES;
				CLANG_ENABLE_OBJC_ARC = YES;
				CLANG_WARN_BOOL_CONVERSION = YES;
				CLANG_WARN_CONSTANT_CONVERSION = YES;
				CLANG_WARN_DIRECT_OBJC_ISA_USAGE = YES_ERROR;
				CLANG_WARN_EMPTY_BODY = YES;
				CLANG_WARN_ENUM_CONVERSION = YES;
				CLANG_WARN_INT_CONVERSION = YES;
				CLANG_WARN_OBJC_ROOT_CLASS = YES_ERROR;
				CLANG_WARN__DUPLICATE_METHOD_MATCH = YES;
				"CODE_SIGN_IDENTITY[sdk=iphoneos*]" = "iPhone Developer";
				COPY_PHASE_STRIP = NO;
				GCC_C_LANGUAGE_STANDARD = gnu99;
				GCC_DYNAMIC_NO_PIC = NO;
				GCC_OPTIMIZATION_LEVEL = 0;
				GCC_PREPROCESSOR_DEFINITIONS = (
					"DEBUG=1",
					"$(inherited)",
				);
				GCC_SYMBOLS_PRIVATE_EXTERN = NO;
				GCC_WARN_64_TO_32_BIT_CONVERSION = YES;
				GCC_WARN_ABOUT_RETURN_TYPE = YES_ERROR;
				GCC_WARN_UNDECLARED_SELECTOR = YES;
				GCC_WARN_UNINITIALIZED_AUTOS = YES_AGGRESSIVE;
				GCC_WARN_UNUSED_FUNCTION = YES;
				GCC_WARN_UNUSED_VARIABLE = YES;
				IPHONEOS_DEPLOYMENT_TARGET = 7.1;
				ONLY_ACTIVE_ARCH = YES;
				SDKROOT = iphoneos;
			};
			name = Debug;
		};
		EB206197190E883A00593D58 /* Release */ = {
			isa = XCBuildConfiguration;
			buildSettings = {
				ALWAYS_SEARCH_USER_PATHS = NO;
				CLANG_CXX_LANGUAGE_STANDARD = "gnu++0x";
				CLANG_CXX_LIBRARY = "libc++";
				CLANG_ENABLE_MODULES = YES;
				CLANG_ENABLE_OBJC_ARC = YES;
				CLANG_WARN_BOOL_CONVERSION = YES;
				CLANG_WARN_CONSTANT_CONVERSION = YES;
				CLANG_WARN_DIRECT_OBJC_ISA_USAGE = YES_ERROR;
				CLANG_WARN_EMPTY_BODY = YES;
				CLANG_WARN_ENUM_CONVERSION = YES;
				CLANG_WARN_INT_CONVERSION = YES;
				CLANG_WARN_OBJC_ROOT_CLASS = YES_ERROR;
				CLANG_WARN__DUPLICATE_METHOD_MATCH = YES;
				"CODE_SIGN_IDENTITY[sdk=iphoneos*]" = "iPhone Developer";
				COPY_PHASE_STRIP = YES;
				ENABLE_NS_ASSERTIONS = NO;
				GCC_C_LANGUAGE_STANDARD = gnu99;
				GCC_WARN_64_TO_32_BIT_CONVERSION = YES;
				GCC_WARN_ABOUT_RETURN_TYPE = YES_ERROR;
				GCC_WARN_UNDECLARED_SELECTOR = YES;
				GCC_WARN_UNINITIALIZED_AUTOS = YES_AGGRESSIVE;
				GCC_WARN_UNUSED_FUNCTION = YES;
				GCC_WARN_UNUSED_VARIABLE = YES;
				IPHONEOS_DEPLOYMENT_TARGET = 7.1;
				SDKROOT = iphoneos;
				VALIDATE_PRODUCT = YES;
			};
			name = Release;
		};
		EB206199190E883A00593D58 /* Debug */ = {
			isa = XCBuildConfiguration;
			buildSettings = {
				ASSETCATALOG_COMPILER_APPICON_NAME = AppIcon;
				ASSETCATALOG_COMPILER_LAUNCHIMAGE_NAME = LaunchImage;
				GCC_PRECOMPILE_PREFIX_HEADER = YES;
				GCC_PREFIX_HEADER = "DOWrapper/DOWrapper-Prefix.pch";
				INFOPLIST_FILE = "DOWrapper/DOWrapper-Info.plist";
				PRODUCT_NAME = "$(TARGET_NAME)";
				WRAPPER_EXTENSION = app;
			};
			name = Debug;
		};
		EB20619A190E883A00593D58 /* Release */ = {
			isa = XCBuildConfiguration;
			buildSettings = {
				ASSETCATALOG_COMPILER_APPICON_NAME = AppIcon;
				ASSETCATALOG_COMPILER_LAUNCHIMAGE_NAME = LaunchImage;
				GCC_PRECOMPILE_PREFIX_HEADER = YES;
				GCC_PREFIX_HEADER = "DOWrapper/DOWrapper-Prefix.pch";
				INFOPLIST_FILE = "DOWrapper/DOWrapper-Info.plist";
				PRODUCT_NAME = "$(TARGET_NAME)";
				WRAPPER_EXTENSION = app;
			};
			name = Release;
		};
		EB2061C2190E8DCC00593D58 /* Debug */ = {
			isa = XCBuildConfiguration;
			baseConfigurationReference = 8BDC658E47A8411391EBB377 /* Pods-DOWrapperDev.xcconfig */;
			buildSettings = {
				BUNDLE_LOADER = "$(BUILT_PRODUCTS_DIR)/DOWrapper.app/DOWrapper";
				FRAMEWORK_SEARCH_PATHS = (
					"$(SDKROOT)/Developer/Library/Frameworks",
					"$(inherited)",
					"$(DEVELOPER_FRAMEWORKS_DIR)",
				);
				GCC_PRECOMPILE_PREFIX_HEADER = YES;
				GCC_PREFIX_HEADER = "DOWrapperDev/DOWrapperDev-Prefix.pch";
				GCC_PREPROCESSOR_DEFINITIONS = (
					"DEBUG=1",
					"$(inherited)",
				);
				INFOPLIST_FILE = "DOWrapperDev/DOWrapperDev-Info.plist";
				PRODUCT_NAME = "$(TARGET_NAME)";
				TEST_HOST = "$(BUNDLE_LOADER)";
				WRAPPER_EXTENSION = xctest;
			};
			name = Debug;
		};
		EB2061C3190E8DCC00593D58 /* Release */ = {
			isa = XCBuildConfiguration;
			baseConfigurationReference = 8BDC658E47A8411391EBB377 /* Pods-DOWrapperDev.xcconfig */;
			buildSettings = {
				BUNDLE_LOADER = "$(BUILT_PRODUCTS_DIR)/DOWrapper.app/DOWrapper";
				FRAMEWORK_SEARCH_PATHS = (
					"$(SDKROOT)/Developer/Library/Frameworks",
					"$(inherited)",
					"$(DEVELOPER_FRAMEWORKS_DIR)",
				);
				GCC_PRECOMPILE_PREFIX_HEADER = YES;
				GCC_PREFIX_HEADER = "DOWrapperDev/DOWrapperDev-Prefix.pch";
				INFOPLIST_FILE = "DOWrapperDev/DOWrapperDev-Info.plist";
				PRODUCT_NAME = "$(TARGET_NAME)";
				TEST_HOST = "$(BUNDLE_LOADER)";
				WRAPPER_EXTENSION = xctest;
			};
			name = Release;
		};
/* End XCBuildConfiguration section */

/* Begin XCConfigurationList section */
		EB206167190E883900593D58 /* Build configuration list for PBXProject "DOWrapper" */ = {
			isa = XCConfigurationList;
			buildConfigurations = (
				EB206196190E883A00593D58 /* Debug */,
				EB206197190E883A00593D58 /* Release */,
			);
			defaultConfigurationIsVisible = 0;
			defaultConfigurationName = Release;
		};
		EB206198190E883A00593D58 /* Build configuration list for PBXNativeTarget "DOWrapper" */ = {
			isa = XCConfigurationList;
			buildConfigurations = (
				EB206199190E883A00593D58 /* Debug */,
				EB20619A190E883A00593D58 /* Release */,
			);
			defaultConfigurationIsVisible = 0;
			defaultConfigurationName = Release;
		};
		EB2061C1190E8DCC00593D58 /* Build configuration list for PBXNativeTarget "DOWrapperDev" */ = {
			isa = XCConfigurationList;
			buildConfigurations = (
				EB2061C2190E8DCC00593D58 /* Debug */,
				EB2061C3190E8DCC00593D58 /* Release */,
			);
			defaultConfigurationIsVisible = 0;
			defaultConfigurationName = Release;
		};
/* End XCConfigurationList section */
	};
	rootObject = EB206164190E883900593D58 /* Project object */;
}
